
Microsoft Visual Studio Solution File, Format Version 12.00
# Visual Studio Version 16
VisualStudioVersion = 25.0.1705.2
MinimumVisualStudioVersion = 10.0.40219.1
Project("{FAE04EC0-301F-11D3-BF4B-00C04F79EFBC}") = "Backstone", "Backstone\Backstone.csproj", "{7FBE1DB3-BEB9-4D22-BE10-59F8FE0301D7}"
EndProject
Project("{E53339B2-1760-4266-BCC7-CA923CBCF16C}") = "docker-compose", "docker-compose.dcproj", "{39687FDC-7F92-4D0C-8F76-A384F170AF4A}"
EndProject
Global
	GlobalSection(SolutionConfigurationPlatforms) = preSolution
		Debug|Any CPU = Debug|Any CPU
		Release|Any CPU = Release|Any CPU
	EndGlobalSection
	GlobalSection(ProjectConfigurationPlatforms) = postSolution
		{7FBE1DB3-BEB9-4D22-BE10-59F8FE0301D7}.Debug|Any CPU.ActiveCfg = Debug|Any CPU
		{7FBE1DB3-BEB9-4D22-BE10-59F8FE0301D7}.Debug|Any CPU.Build.0 = Debug|Any CPU
		{7FBE1DB3-BEB9-4D22-BE10-59F8FE0301D7}.Release|Any CPU.ActiveCfg = Release|Any CPU
		{7FBE1DB3-BEB9-4D22-BE10-59F8FE0301D7}.Release|Any CPU.Build.0 = Release|Any CPU
		{39687FDC-7F92-4D0C-8F76-A384F170AF4A}.Debug|Any CPU.ActiveCfg = Debug|Any CPU
		{39687FDC-7F92-4D0C-8F76-A384F170AF4A}.Debug|Any CPU.Build.0 = Debug|Any CPU
		{39687FDC-7F92-4D0C-8F76-A384F170AF4A}.Release|Any CPU.ActiveCfg = Release|Any CPU
		{39687FDC-7F92-4D0C-8F76-A384F170AF4A}.Release|Any CPU.Build.0 = Release|Any CPU
	EndGlobalSection
	GlobalSection(SolutionProperties) = preSolution
		HideSolutionNode = FALSE
	EndGlobalSection
	GlobalSection(ExtensibilityGlobals) = postSolution
		SolutionGuid = {A3406221-D5B2-4BDF-A307-E52373771FE4}
	EndGlobalSection
EndGlobal
